
Microsoft Visual Studio Solution File, Format Version 12.00
# Visual Studio Version 16
VisualStudioVersion = 16.0.31911.196
MinimumVisualStudioVersion = 10.0.40219.1
Project("{2150E333-8FDC-42A3-9474-1A3956D46DE8}") = "src", "src", "{97B58F17-315D-42E3-A25A-6FF138794891}"
EndProject
Project("{2150E333-8FDC-42A3-9474-1A3956D46DE8}") = "tests", "tests", "{49246A47-BB75-427B-ADE8-0242BCFF9925}"
EndProject
Project("{2150E333-8FDC-42A3-9474-1A3956D46DE8}") = "1.Common", "1.Common", "{CAB8BD95-4B89-4AD8-970E-F21C373AA06C}"
EndProject
Project("{2150E333-8FDC-42A3-9474-1A3956D46DE8}") = "2.WebCore", "2.WebCore", "{BE1600F8-AE42-4C74-ABB6-8DFD0C64927C}"
EndProject
Project("{2150E333-8FDC-42A3-9474-1A3956D46DE8}") = "3.DbAccess", "3.DbAccess", "{1D6AFB3A-F7FF-4984-AA0E-4CF3D266C376}"
EndProject
Project("{2150E333-8FDC-42A3-9474-1A3956D46DE8}") = "4.Component", "4.Component", "{076134B9-5025-4C4F-9C45-6D74F9DE2D39}"
EndProject
Project("{2150E333-8FDC-42A3-9474-1A3956D46DE8}") = "5.Model", "5.Model", "{A2019CFE-B165-42ED-8F4C-197647EBECD2}"
EndProject
Project("{2150E333-8FDC-42A3-9474-1A3956D46DE8}") = "6.Business", "6.Business", "{88315E5E-AF85-4877-B82D-8489F51C2C55}"
EndProject
Project("{2150E333-8FDC-42A3-9474-1A3956D46DE8}") = "7.WebHost", "7.WebHost", "{632E019F-3DC7-4EED-AC07-BD74F8E584C5}"
EndProject
Project("{FAE04EC0-301F-11D3-BF4B-00C04F79EFBC}") = "MS.Common", "src\MS.Common\MS.Common.csproj", "{44AAEC6D-4991-4848-A8EC-FF9128D8248D}"
EndProject
Project("{FAE04EC0-301F-11D3-BF4B-00C04F79EFBC}") = "MS.Entities", "src\MS.Entities\MS.Entities.csproj", "{A1E14849-B269-49BB-92D9-65975B0EC061}"
EndProject
Project("{FAE04EC0-301F-11D3-BF4B-00C04F79EFBC}") = "MS.WebCore", "src\MS.WebCore\MS.WebCore.csproj", "{1FE93707-0A3F-49DF-9E95-4D825CFF720C}"
EndProject
Project("{FAE04EC0-301F-11D3-BF4B-00C04F79EFBC}") = "MS.UnitOfWork", "src\MS.UnitOfWork\MS.UnitOfWork.csproj", "{FF3999EF-98FA-4269-AECC-1EF86D0F4543}"
EndProject
Project("{FAE04EC0-301F-11D3-BF4B-00C04F79EFBC}") = "MS.DbContexts", "src\MS.DbContexts\MS.DbContexts.csproj", "{2CB22144-EB0C-4BD2-BB4F-12B5DCE9E1C2}"
EndProject
Project("{FAE04EC0-301F-11D3-BF4B-00C04F79EFBC}") = "MS.Component.Aop", "src\MS.Componet.Aop\MS.Component.Aop.csproj", "{E114C663-EEB7-4007-91DD-350B1E81121D}"
EndProject
Project("{FAE04EC0-301F-11D3-BF4B-00C04F79EFBC}") = "MS.Component.Jwt", "src\MS.Component.Jwt\MS.Component.Jwt.csproj", "{5C1ED904-D7F0-4A69-B4C9-5C62057175CA}"
EndProject
Project("{FAE04EC0-301F-11D3-BF4B-00C04F79EFBC}") = "MS.Models", "src\MS.Models\MS.Models.csproj", "{38514A95-7241-48BF-9656-0B574EEDCE59}"
EndProject
Project("{FAE04EC0-301F-11D3-BF4B-00C04F79EFBC}") = "MS.Services", "src\MS.Services\MS.Services.csproj", "{50DDD573-28ED-45FA-B704-3679D37660F9}"
EndProject
Project("{FAE04EC0-301F-11D3-BF4B-00C04F79EFBC}") = "MS.WebApi", "src\MS.WebApi\MS.WebApi.csproj", "{DED846ED-0AFD-4AD4-B5FA-53EB1E920643}"
EndProject
Project("{FAE04EC0-301F-11D3-BF4B-00C04F79EFBC}") = "CommonTests", "tests\CommonTests\CommonTests.csproj", "{E83DD3EF-1B11-42FF-A691-63BD7CA36651}"
EndProject
Global
	GlobalSection(SolutionConfigurationPlatforms) = preSolution
		Debug|Any CPU = Debug|Any CPU
		Release|Any CPU = Release|Any CPU
	EndGlobalSection
	GlobalSection(ProjectConfigurationPlatforms) = postSolution
		{44AAEC6D-4991-4848-A8EC-FF9128D8248D}.Debug|Any CPU.ActiveCfg = Debug|Any CPU
		{44AAEC6D-4991-4848-A8EC-FF9128D8248D}.Debug|Any CPU.Build.0 = Debug|Any CPU
		{44AAEC6D-4991-4848-A8EC-FF9128D8248D}.Release|Any CPU.ActiveCfg = Release|Any CPU
		{44AAEC6D-4991-4848-A8EC-FF9128D8248D}.Release|Any CPU.Build.0 = Release|Any CPU
		{A1E14849-B269-49BB-92D9-65975B0EC061}.Debug|Any CPU.ActiveCfg = Debug|Any CPU
		{A1E14849-B269-49BB-92D9-65975B0EC061}.Debug|Any CPU.Build.0 = Debug|Any CPU
		{A1E14849-B269-49BB-92D9-65975B0EC061}.Release|Any CPU.ActiveCfg = Release|Any CPU
		{A1E14849-B269-49BB-92D9-65975B0EC061}.Release|Any CPU.Build.0 = Release|Any CPU
		{1FE93707-0A3F-49DF-9E95-4D825CFF720C}.Debug|Any CPU.ActiveCfg = Debug|Any CPU
		{1FE93707-0A3F-49DF-9E95-4D825CFF720C}.Debug|Any CPU.Build.0 = Debug|Any CPU
		{1FE93707-0A3F-49DF-9E95-4D825CFF720C}.Release|Any CPU.ActiveCfg = Release|Any CPU
		{1FE93707-0A3F-49DF-9E95-4D825CFF720C}.Release|Any CPU.Build.0 = Release|Any CPU
		{FF3999EF-98FA-4269-AECC-1EF86D0F4543}.Debug|Any CPU.ActiveCfg = Debug|Any CPU
		{FF3999EF-98FA-4269-AECC-1EF86D0F4543}.Debug|Any CPU.Build.0 = Debug|Any CPU
		{FF3999EF-98FA-4269-AECC-1EF86D0F4543}.Release|Any CPU.ActiveCfg = Release|Any CPU
		{FF3999EF-98FA-4269-AECC-1EF86D0F4543}.Release|Any CPU.Build.0 = Release|Any CPU
		{2CB22144-EB0C-4BD2-BB4F-12B5DCE9E1C2}.Debug|Any CPU.ActiveCfg = Debug|Any CPU
		{2CB22144-EB0C-4BD2-BB4F-12B5DCE9E1C2}.Debug|Any CPU.Build.0 = Debug|Any CPU
		{2CB22144-EB0C-4BD2-BB4F-12B5DCE9E1C2}.Release|Any CPU.ActiveCfg = Release|Any CPU
		{2CB22144-EB0C-4BD2-BB4F-12B5DCE9E1C2}.Release|Any CPU.Build.0 = Release|Any CPU
		{E114C663-EEB7-4007-91DD-350B1E81121D}.Debug|Any CPU.ActiveCfg = Debug|Any CPU
		{E114C663-EEB7-4007-91DD-350B1E81121D}.Debug|Any CPU.Build.0 = Debug|Any CPU
		{E114C663-EEB7-4007-91DD-350B1E81121D}.Release|Any CPU.ActiveCfg = Release|Any CPU
		{E114C663-EEB7-4007-91DD-350B1E81121D}.Release|Any CPU.Build.0 = Release|Any CPU
		{5C1ED904-D7F0-4A69-B4C9-5C62057175CA}.Debug|Any CPU.ActiveCfg = Debug|Any CPU
		{5C1ED904-D7F0-4A69-B4C9-5C62057175CA}.Debug|Any CPU.Build.0 = Debug|Any CPU
		{5C1ED904-D7F0-4A69-B4C9-5C62057175CA}.Release|Any CPU.ActiveCfg = Release|Any CPU
		{5C1ED904-D7F0-4A69-B4C9-5C62057175CA}.Release|Any CPU.Build.0 = Release|Any CPU
		{38514A95-7241-48BF-9656-0B574EEDCE59}.Debug|Any CPU.ActiveCfg = Debug|Any CPU
		{38514A95-7241-48BF-9656-0B574EEDCE59}.Debug|Any CPU.Build.0 = Debug|Any CPU
		{38514A95-7241-48BF-9656-0B574EEDCE59}.Release|Any CPU.ActiveCfg = Release|Any CPU
		{38514A95-7241-48BF-9656-0B574EEDCE59}.Release|Any CPU.Build.0 = Release|Any CPU
		{50DDD573-28ED-45FA-B704-3679D37660F9}.Debug|Any CPU.ActiveCfg = Debug|Any CPU
		{50DDD573-28ED-45FA-B704-3679D37660F9}.Debug|Any CPU.Build.0 = Debug|Any CPU
		{50DDD573-28ED-45FA-B704-3679D37660F9}.Release|Any CPU.ActiveCfg = Release|Any CPU
		{50DDD573-28ED-45FA-B704-3679D37660F9}.Release|Any CPU.Build.0 = Release|Any CPU
		{DED846ED-0AFD-4AD4-B5FA-53EB1E920643}.Debug|Any CPU.ActiveCfg = Debug|Any CPU
		{DED846ED-0AFD-4AD4-B5FA-53EB1E920643}.Debug|Any CPU.Build.0 = Debug|Any CPU
		{DED846ED-0AFD-4AD4-B5FA-53EB1E920643}.Release|Any CPU.ActiveCfg = Release|Any CPU
		{DED846ED-0AFD-4AD4-B5FA-53EB1E920643}.Release|Any CPU.Build.0 = Release|Any CPU
		{E83DD3EF-1B11-42FF-A691-63BD7CA36651}.Debug|Any CPU.ActiveCfg = Debug|Any CPU
		{E83DD3EF-1B11-42FF-A691-63BD7CA36651}.Debug|Any CPU.Build.0 = Debug|Any CPU
		{E83DD3EF-1B11-42FF-A691-63BD7CA36651}.Release|Any CPU.ActiveCfg = Release|Any CPU
		{E83DD3EF-1B11-42FF-A691-63BD7CA36651}.Release|Any CPU.Build.0 = Release|Any CPU
	EndGlobalSection
	GlobalSection(SolutionProperties) = preSolution
		HideSolutionNode = FALSE
	EndGlobalSection
	GlobalSection(NestedProjects) = preSolution
		{CAB8BD95-4B89-4AD8-970E-F21C373AA06C} = {97B58F17-315D-42E3-A25A-6FF138794891}
		{BE1600F8-AE42-4C74-ABB6-8DFD0C64927C} = {97B58F17-315D-42E3-A25A-6FF138794891}
		{1D6AFB3A-F7FF-4984-AA0E-4CF3D266C376} = {97B58F17-315D-42E3-A25A-6FF138794891}
		{076134B9-5025-4C4F-9C45-6D74F9DE2D39} = {97B58F17-315D-42E3-A25A-6FF138794891}
		{A2019CFE-B165-42ED-8F4C-197647EBECD2} = {97B58F17-315D-42E3-A25A-6FF138794891}
		{88315E5E-AF85-4877-B82D-8489F51C2C55} = {97B58F17-315D-42E3-A25A-6FF138794891}
		{632E019F-3DC7-4EED-AC07-BD74F8E584C5} = {97B58F17-315D-42E3-A25A-6FF138794891}
		{44AAEC6D-4991-4848-A8EC-FF9128D8248D} = {CAB8BD95-4B89-4AD8-970E-F21C373AA06C}
		{A1E14849-B269-49BB-92D9-65975B0EC061} = {BE1600F8-AE42-4C74-ABB6-8DFD0C64927C}
		{1FE93707-0A3F-49DF-9E95-4D825CFF720C} = {BE1600F8-AE42-4C74-ABB6-8DFD0C64927C}
		{FF3999EF-98FA-4269-AECC-1EF86D0F4543} = {1D6AFB3A-F7FF-4984-AA0E-4CF3D266C376}
		{2CB22144-EB0C-4BD2-BB4F-12B5DCE9E1C2} = {1D6AFB3A-F7FF-4984-AA0E-4CF3D266C376}
		{E114C663-EEB7-4007-91DD-350B1E81121D} = {076134B9-5025-4C4F-9C45-6D74F9DE2D39}
		{5C1ED904-D7F0-4A69-B4C9-5C62057175CA} = {076134B9-5025-4C4F-9C45-6D74F9DE2D39}
		{38514A95-7241-48BF-9656-0B574EEDCE59} = {A2019CFE-B165-42ED-8F4C-197647EBECD2}
		{50DDD573-28ED-45FA-B704-3679D37660F9} = {88315E5E-AF85-4877-B82D-8489F51C2C55}
		{DED846ED-0AFD-4AD4-B5FA-53EB1E920643} = {632E019F-3DC7-4EED-AC07-BD74F8E584C5}
		{E83DD3EF-1B11-42FF-A691-63BD7CA36651} = {49246A47-BB75-427B-ADE8-0242BCFF9925}
	EndGlobalSection
	GlobalSection(ExtensibilityGlobals) = postSolution
		SolutionGuid = {65224783-0172-4212-A523-547CC08953FB}
	EndGlobalSection
EndGlobal
